// !$*UTF8*$!
{
	archiveVersion = 1;
	classes = {
	};
	objectVersion = 46;
	objects = {

/* Begin PBXBuildFile section */
		8F07E20F1DC345A40078BC6B /* Color+Mix.swift in Sources */ = {isa = PBXBuildFile; fileRef = 8F07E20E1DC345A40078BC6B /* Color+Mix.swift */; };
		8F07E2111DC348B20078BC6B /* Color+Shade.swift in Sources */ = {isa = PBXBuildFile; fileRef = 8F07E2101DC348B20078BC6B /* Color+Shade.swift */; };
		8F07E2131DC361FE0078BC6B /* ColorScheme.swift in Sources */ = {isa = PBXBuildFile; fileRef = 8F07E2121DC361FE0078BC6B /* ColorScheme.swift */; };
		8F07E2151DC362550078BC6B /* Color+Tint.swift in Sources */ = {isa = PBXBuildFile; fileRef = 8F07E2141DC362550078BC6B /* Color+Tint.swift */; };
		8F07E2171DC363EC0078BC6B /* Color+Name.swift in Sources */ = {isa = PBXBuildFile; fileRef = 8F07E2161DC363EC0078BC6B /* Color+Name.swift */; };
		8F07E2191DC365700078BC6B /* Color+Tone.swift in Sources */ = {isa = PBXBuildFile; fileRef = 8F07E2181DC365700078BC6B /* Color+Tone.swift */; };
		8F07E21B1DC367450078BC6B /* ColorSchemeTests.swift in Sources */ = {isa = PBXBuildFile; fileRef = 8F07E21A1DC367450078BC6B /* ColorSchemeTests.swift */; };
		8F07E21D1DC367BA0078BC6B /* Color+Hashable.swift in Sources */ = {isa = PBXBuildFile; fileRef = 8F07E21C1DC367BA0078BC6B /* Color+Hashable.swift */; };
		8F07E21F1DC376900078BC6B /* Color+Random.swift in Sources */ = {isa = PBXBuildFile; fileRef = 8F07E21E1DC376900078BC6B /* Color+Random.swift */; };
		8F07E2211DC377590078BC6B /* Color+Equatable.swift in Sources */ = {isa = PBXBuildFile; fileRef = 8F07E2201DC377590078BC6B /* Color+Equatable.swift */; };
		8F368C201E3B3AC7002D881C /* NSCoder.swift in Sources */ = {isa = PBXBuildFile; fileRef = 8F368C1F1E3B3AC7002D881C /* NSCoder.swift */; };
		8F368C221E3B3CBE002D881C /* UserDefaults.swift in Sources */ = {isa = PBXBuildFile; fileRef = 8F368C211E3B3CBE002D881C /* UserDefaults.swift */; };
		8F8C9A961DC22EF100C4D291 /* Color.framework in Frameworks */ = {isa = PBXBuildFile; fileRef = 8F8C9A8C1DC22EF100C4D291 /* Color.framework */; };
		8F8C9A9B1DC22EF100C4D291 /* ColorTests.swift in Sources */ = {isa = PBXBuildFile; fileRef = 8F8C9A9A1DC22EF100C4D291 /* ColorTests.swift */; };
		8F8C9A9D1DC22EF100C4D291 /* Color.h in Headers */ = {isa = PBXBuildFile; fileRef = 8F8C9A8F1DC22EF100C4D291 /* Color.h */; settings = {ATTRIBUTES = (Public, ); }; };
		8F8C9AA71DC22EFE00C4D291 /* Color.swift in Sources */ = {isa = PBXBuildFile; fileRef = 8F8C9AA61DC22EFE00C4D291 /* Color.swift */; };
		8F8C9AAF1DC2401800C4D291 /* AppDelegate.swift in Sources */ = {isa = PBXBuildFile; fileRef = 8F8C9AAE1DC2401800C4D291 /* AppDelegate.swift */; };
		8F8C9AB11DC2401800C4D291 /* ViewController.swift in Sources */ = {isa = PBXBuildFile; fileRef = 8F8C9AB01DC2401800C4D291 /* ViewController.swift */; };
		8F8C9AB41DC2401800C4D291 /* Main.storyboard in Resources */ = {isa = PBXBuildFile; fileRef = 8F8C9AB21DC2401800C4D291 /* Main.storyboard */; };
		8F8C9AB61DC2401800C4D291 /* Assets.xcassets in Resources */ = {isa = PBXBuildFile; fileRef = 8F8C9AB51DC2401800C4D291 /* Assets.xcassets */; };
		8F8C9AB91DC2401800C4D291 /* LaunchScreen.storyboard in Resources */ = {isa = PBXBuildFile; fileRef = 8F8C9AB71DC2401800C4D291 /* LaunchScreen.storyboard */; };
		8F8C9AC41DC2401800C4D291 /* ColorDemoTests.swift in Sources */ = {isa = PBXBuildFile; fileRef = 8F8C9AC31DC2401800C4D291 /* ColorDemoTests.swift */; };
		8F8C9ACD1DC2405500C4D291 /* Scheme.storyboard in Resources */ = {isa = PBXBuildFile; fileRef = 8F8C9ACC1DC2405500C4D291 /* Scheme.storyboard */; };
		8F8C9ACF1DC2406500C4D291 /* SchemeViewController.swift in Sources */ = {isa = PBXBuildFile; fileRef = 8F8C9ACE1DC2406500C4D291 /* SchemeViewController.swift */; };
		8F8C9AD01DC243A800C4D291 /* Color.framework in Frameworks */ = {isa = PBXBuildFile; fileRef = 8F8C9A8C1DC22EF100C4D291 /* Color.framework */; };
		8F8C9AD11DC243A800C4D291 /* Color.framework in Embed Frameworks */ = {isa = PBXBuildFile; fileRef = 8F8C9A8C1DC22EF100C4D291 /* Color.framework */; settings = {ATTRIBUTES = (CodeSignOnCopy, RemoveHeadersOnCopy, ); }; };
		8FC63D6F1E23B072005711D9 /* ColorPickerViewController.swift in Sources */ = {isa = PBXBuildFile; fileRef = 8FC63D6D1E23B072005711D9 /* ColorPickerViewController.swift */; };
		8FC63D741E23B87B005711D9 /* Picker.storyboard in Resources */ = {isa = PBXBuildFile; fileRef = 8FC63D731E23B87B005711D9 /* Picker.storyboard */; };
		8FC63D761E23B8FD005711D9 /* PickerAwareViewController.swift in Sources */ = {isa = PBXBuildFile; fileRef = 8FC63D751E23B8FD005711D9 /* PickerAwareViewController.swift */; };
/* End PBXBuildFile section */

/* Begin PBXContainerItemProxy section */
		8F8C9A971DC22EF100C4D291 /* PBXContainerItemProxy */ = {
			isa = PBXContainerItemProxy;
			containerPortal = 8F8C9A831DC22EF100C4D291 /* Project object */;
			proxyType = 1;
			remoteGlobalIDString = 8F8C9A8B1DC22EF100C4D291;
			remoteInfo = Color;
		};
		8F8C9AC01DC2401800C4D291 /* PBXContainerItemProxy */ = {
			isa = PBXContainerItemProxy;
			containerPortal = 8F8C9A831DC22EF100C4D291 /* Project object */;
			proxyType = 1;
			remoteGlobalIDString = 8F8C9AAB1DC2401800C4D291;
			remoteInfo = ColorDemo;
		};
		8F8C9AD21DC243A800C4D291 /* PBXContainerItemProxy */ = {
			isa = PBXContainerItemProxy;
			containerPortal = 8F8C9A831DC22EF100C4D291 /* Project object */;
			proxyType = 1;
			remoteGlobalIDString = 8F8C9A8B1DC22EF100C4D291;
			remoteInfo = Color;
		};
/* End PBXContainerItemProxy section */

/* Begin PBXCopyFilesBuildPhase section */
		8F8C9AD41DC243A900C4D291 /* Embed Frameworks */ = {
			isa = PBXCopyFilesBuildPhase;
			buildActionMask = 2147483647;
			dstPath = "";
			dstSubfolderSpec = 10;
			files = (
				8F8C9AD11DC243A800C4D291 /* Color.framework in Embed Frameworks */,
			);
			name = "Embed Frameworks";
			runOnlyForDeploymentPostprocessing = 0;
		};
/* End PBXCopyFilesBuildPhase section */

/* Begin PBXFileReference section */
		8F07E20E1DC345A40078BC6B /* Color+Mix.swift */ = {isa = PBXFileReference; fileEncoding = 4; lastKnownFileType = sourcecode.swift; path = "Color+Mix.swift"; sourceTree = "<group>"; };
		8F07E2101DC348B20078BC6B /* Color+Shade.swift */ = {isa = PBXFileReference; fileEncoding = 4; lastKnownFileType = sourcecode.swift; path = "Color+Shade.swift"; sourceTree = "<group>"; };
		8F07E2121DC361FE0078BC6B /* ColorScheme.swift */ = {isa = PBXFileReference; fileEncoding = 4; lastKnownFileType = sourcecode.swift; path = ColorScheme.swift; sourceTree = "<group>"; };
		8F07E2141DC362550078BC6B /* Color+Tint.swift */ = {isa = PBXFileReference; fileEncoding = 4; lastKnownFileType = sourcecode.swift; path = "Color+Tint.swift"; sourceTree = "<group>"; };
		8F07E2161DC363EC0078BC6B /* Color+Name.swift */ = {isa = PBXFileReference; fileEncoding = 4; lastKnownFileType = sourcecode.swift; path = "Color+Name.swift"; sourceTree = "<group>"; };
		8F07E2181DC365700078BC6B /* Color+Tone.swift */ = {isa = PBXFileReference; fileEncoding = 4; lastKnownFileType = sourcecode.swift; path = "Color+Tone.swift"; sourceTree = "<group>"; };
		8F07E21A1DC367450078BC6B /* ColorSchemeTests.swift */ = {isa = PBXFileReference; fileEncoding = 4; lastKnownFileType = sourcecode.swift; path = ColorSchemeTests.swift; sourceTree = "<group>"; };
		8F07E21C1DC367BA0078BC6B /* Color+Hashable.swift */ = {isa = PBXFileReference; fileEncoding = 4; lastKnownFileType = sourcecode.swift; path = "Color+Hashable.swift"; sourceTree = "<group>"; };
		8F07E21E1DC376900078BC6B /* Color+Random.swift */ = {isa = PBXFileReference; fileEncoding = 4; lastKnownFileType = sourcecode.swift; path = "Color+Random.swift"; sourceTree = "<group>"; };
		8F07E2201DC377590078BC6B /* Color+Equatable.swift */ = {isa = PBXFileReference; fileEncoding = 4; lastKnownFileType = sourcecode.swift; path = "Color+Equatable.swift"; sourceTree = "<group>"; };
		8F368C1F1E3B3AC7002D881C /* NSCoder.swift */ = {isa = PBXFileReference; fileEncoding = 4; lastKnownFileType = sourcecode.swift; path = NSCoder.swift; sourceTree = "<group>"; };
		8F368C211E3B3CBE002D881C /* UserDefaults.swift */ = {isa = PBXFileReference; fileEncoding = 4; lastKnownFileType = sourcecode.swift; path = UserDefaults.swift; sourceTree = "<group>"; };
		8F8C9A8C1DC22EF100C4D291 /* Color.framework */ = {isa = PBXFileReference; explicitFileType = wrapper.framework; includeInIndex = 0; path = Color.framework; sourceTree = BUILT_PRODUCTS_DIR; };
		8F8C9A8F1DC22EF100C4D291 /* Color.h */ = {isa = PBXFileReference; lastKnownFileType = sourcecode.c.h; path = Color.h; sourceTree = "<group>"; };
		8F8C9A901DC22EF100C4D291 /* Info.plist */ = {isa = PBXFileReference; lastKnownFileType = text.plist.xml; path = Info.plist; sourceTree = "<group>"; };
		8F8C9A951DC22EF100C4D291 /* ColorTests.xctest */ = {isa = PBXFileReference; explicitFileType = wrapper.cfbundle; includeInIndex = 0; path = ColorTests.xctest; sourceTree = BUILT_PRODUCTS_DIR; };
		8F8C9A9A1DC22EF100C4D291 /* ColorTests.swift */ = {isa = PBXFileReference; lastKnownFileType = sourcecode.swift; path = ColorTests.swift; sourceTree = "<group>"; };
		8F8C9A9C1DC22EF100C4D291 /* Info.plist */ = {isa = PBXFileReference; lastKnownFileType = text.plist.xml; path = Info.plist; sourceTree = "<group>"; };
		8F8C9AA61DC22EFE00C4D291 /* Color.swift */ = {isa = PBXFileReference; fileEncoding = 4; lastKnownFileType = sourcecode.swift; path = Color.swift; sourceTree = "<group>"; };
		8F8C9AAC1DC2401800C4D291 /* ColorDemo.app */ = {isa = PBXFileReference; explicitFileType = wrapper.application; includeInIndex = 0; path = ColorDemo.app; sourceTree = BUILT_PRODUCTS_DIR; };
		8F8C9AAE1DC2401800C4D291 /* AppDelegate.swift */ = {isa = PBXFileReference; lastKnownFileType = sourcecode.swift; path = AppDelegate.swift; sourceTree = "<group>"; };
		8F8C9AB01DC2401800C4D291 /* ViewController.swift */ = {isa = PBXFileReference; lastKnownFileType = sourcecode.swift; path = ViewController.swift; sourceTree = "<group>"; };
		8F8C9AB31DC2401800C4D291 /* Base */ = {isa = PBXFileReference; lastKnownFileType = file.storyboard; name = Base; path = Base.lproj/Main.storyboard; sourceTree = "<group>"; };
		8F8C9AB51DC2401800C4D291 /* Assets.xcassets */ = {isa = PBXFileReference; lastKnownFileType = folder.assetcatalog; path = Assets.xcassets; sourceTree = "<group>"; };
		8F8C9AB81DC2401800C4D291 /* Base */ = {isa = PBXFileReference; lastKnownFileType = file.storyboard; name = Base; path = Base.lproj/LaunchScreen.storyboard; sourceTree = "<group>"; };
		8F8C9ABA1DC2401800C4D291 /* Info.plist */ = {isa = PBXFileReference; lastKnownFileType = text.plist.xml; path = Info.plist; sourceTree = "<group>"; };
		8F8C9ABF1DC2401800C4D291 /* ColorDemoTests.xctest */ = {isa = PBXFileReference; explicitFileType = wrapper.cfbundle; includeInIndex = 0; path = ColorDemoTests.xctest; sourceTree = BUILT_PRODUCTS_DIR; };
		8F8C9AC31DC2401800C4D291 /* ColorDemoTests.swift */ = {isa = PBXFileReference; lastKnownFileType = sourcecode.swift; path = ColorDemoTests.swift; sourceTree = "<group>"; };
		8F8C9AC51DC2401800C4D291 /* Info.plist */ = {isa = PBXFileReference; lastKnownFileType = text.plist.xml; path = Info.plist; sourceTree = "<group>"; };
		8F8C9ACC1DC2405500C4D291 /* Scheme.storyboard */ = {isa = PBXFileReference; fileEncoding = 4; lastKnownFileType = file.storyboard; path = Scheme.storyboard; sourceTree = "<group>"; };
		8F8C9ACE1DC2406500C4D291 /* SchemeViewController.swift */ = {isa = PBXFileReference; fileEncoding = 4; lastKnownFileType = sourcecode.swift; path = SchemeViewController.swift; sourceTree = "<group>"; };
		8FC63D6D1E23B072005711D9 /* ColorPickerViewController.swift */ = {isa = PBXFileReference; fileEncoding = 4; lastKnownFileType = sourcecode.swift; path = ColorPickerViewController.swift; sourceTree = "<group>"; };
		8FC63D731E23B87B005711D9 /* Picker.storyboard */ = {isa = PBXFileReference; fileEncoding = 4; lastKnownFileType = file.storyboard; path = Picker.storyboard; sourceTree = "<group>"; };
		8FC63D751E23B8FD005711D9 /* PickerAwareViewController.swift */ = {isa = PBXFileReference; fileEncoding = 4; lastKnownFileType = sourcecode.swift; path = PickerAwareViewController.swift; sourceTree = "<group>"; };
/* End PBXFileReference section */

/* Begin PBXFrameworksBuildPhase section */
		8F8C9A881DC22EF100C4D291 /* Frameworks */ = {
			isa = PBXFrameworksBuildPhase;
			buildActionMask = 2147483647;
			files = (
			);
			runOnlyForDeploymentPostprocessing = 0;
		};
		8F8C9A921DC22EF100C4D291 /* Frameworks */ = {
			isa = PBXFrameworksBuildPhase;
			buildActionMask = 2147483647;
			files = (
				8F8C9A961DC22EF100C4D291 /* Color.framework in Frameworks */,
			);
			runOnlyForDeploymentPostprocessing = 0;
		};
		8F8C9AA91DC2401800C4D291 /* Frameworks */ = {
			isa = PBXFrameworksBuildPhase;
			buildActionMask = 2147483647;
			files = (
				8F8C9AD01DC243A800C4D291 /* Color.framework in Frameworks */,
			);
			runOnlyForDeploymentPostprocessing = 0;
		};
		8F8C9ABC1DC2401800C4D291 /* Frameworks */ = {
			isa = PBXFrameworksBuildPhase;
			buildActionMask = 2147483647;
			files = (
			);
			runOnlyForDeploymentPostprocessing = 0;
		};
/* End PBXFrameworksBuildPhase section */

/* Begin PBXGroup section */
		8F8C9A821DC22EF100C4D291 = {
			isa = PBXGroup;
			children = (
				8F8C9A8E1DC22EF100C4D291 /* Color */,
				8F8C9A991DC22EF100C4D291 /* ColorTests */,
				8F8C9AAD1DC2401800C4D291 /* ColorDemo */,
				8F8C9AC21DC2401800C4D291 /* ColorDemoTests */,
				8F8C9A8D1DC22EF100C4D291 /* Products */,
			);
			sourceTree = "<group>";
		};
		8F8C9A8D1DC22EF100C4D291 /* Products */ = {
			isa = PBXGroup;
			children = (
				8F8C9A8C1DC22EF100C4D291 /* Color.framework */,
				8F8C9A951DC22EF100C4D291 /* ColorTests.xctest */,
				8F8C9AAC1DC2401800C4D291 /* ColorDemo.app */,
				8F8C9ABF1DC2401800C4D291 /* ColorDemoTests.xctest */,
			);
			name = Products;
			sourceTree = "<group>";
		};
		8F8C9A8E1DC22EF100C4D291 /* Color */ = {
			isa = PBXGroup;
			children = (
				8F8C9A8F1DC22EF100C4D291 /* Color.h */,
				8F8C9AA61DC22EFE00C4D291 /* Color.swift */,
				8F07E21E1DC376900078BC6B /* Color+Random.swift */,
				8F07E21C1DC367BA0078BC6B /* Color+Hashable.swift */,
				8F07E2201DC377590078BC6B /* Color+Equatable.swift */,
				8F07E2161DC363EC0078BC6B /* Color+Name.swift */,
				8F07E20E1DC345A40078BC6B /* Color+Mix.swift */,
				8F07E2101DC348B20078BC6B /* Color+Shade.swift */,
				8F07E2141DC362550078BC6B /* Color+Tint.swift */,
				8F07E2181DC365700078BC6B /* Color+Tone.swift */,
				8F07E2121DC361FE0078BC6B /* ColorScheme.swift */,
				8FC63D6D1E23B072005711D9 /* ColorPickerViewController.swift */,
				8F368C1F1E3B3AC7002D881C /* NSCoder.swift */,
				8F368C211E3B3CBE002D881C /* UserDefaults.swift */,
				8F8C9A901DC22EF100C4D291 /* Info.plist */,
			);
			path = Color;
			sourceTree = "<group>";
		};
		8F8C9A991DC22EF100C4D291 /* ColorTests */ = {
			isa = PBXGroup;
			children = (
				8F8C9A9A1DC22EF100C4D291 /* ColorTests.swift */,
				8F07E21A1DC367450078BC6B /* ColorSchemeTests.swift */,
				8F8C9A9C1DC22EF100C4D291 /* Info.plist */,
			);
			path = ColorTests;
			sourceTree = "<group>";
		};
		8F8C9AAD1DC2401800C4D291 /* ColorDemo */ = {
			isa = PBXGroup;
			children = (
				8F8C9AAE1DC2401800C4D291 /* AppDelegate.swift */,
				8F8C9AB01DC2401800C4D291 /* ViewController.swift */,
				8F8C9AB21DC2401800C4D291 /* Main.storyboard */,
				8F8C9ACC1DC2405500C4D291 /* Scheme.storyboard */,
				8F8C9ACE1DC2406500C4D291 /* SchemeViewController.swift */,
				8FC63D731E23B87B005711D9 /* Picker.storyboard */,
				8FC63D751E23B8FD005711D9 /* PickerAwareViewController.swift */,
				8F8C9AB51DC2401800C4D291 /* Assets.xcassets */,
				8F8C9AB71DC2401800C4D291 /* LaunchScreen.storyboard */,
				8F8C9ABA1DC2401800C4D291 /* Info.plist */,
			);
			path = ColorDemo;
			sourceTree = "<group>";
		};
		8F8C9AC21DC2401800C4D291 /* ColorDemoTests */ = {
			isa = PBXGroup;
			children = (
				8F8C9AC31DC2401800C4D291 /* ColorDemoTests.swift */,
				8F8C9AC51DC2401800C4D291 /* Info.plist */,
			);
			path = ColorDemoTests;
			sourceTree = "<group>";
		};
/* End PBXGroup section */

/* Begin PBXHeadersBuildPhase section */
		8F8C9A891DC22EF100C4D291 /* Headers */ = {
			isa = PBXHeadersBuildPhase;
			buildActionMask = 2147483647;
			files = (
				8F8C9A9D1DC22EF100C4D291 /* Color.h in Headers */,
			);
			runOnlyForDeploymentPostprocessing = 0;
		};
/* End PBXHeadersBuildPhase section */

/* Begin PBXNativeTarget section */
		8F8C9A8B1DC22EF100C4D291 /* Color */ = {
			isa = PBXNativeTarget;
			buildConfigurationList = 8F8C9AA01DC22EF100C4D291 /* Build configuration list for PBXNativeTarget "Color" */;
			buildPhases = (
				8F8C9A871DC22EF100C4D291 /* Sources */,
				8F8C9A881DC22EF100C4D291 /* Frameworks */,
				8F8C9A891DC22EF100C4D291 /* Headers */,
				8F8C9A8A1DC22EF100C4D291 /* Resources */,
			);
			buildRules = (
			);
			dependencies = (
			);
			name = Color;
			productName = Color;
			productReference = 8F8C9A8C1DC22EF100C4D291 /* Color.framework */;
			productType = "com.apple.product-type.framework";
		};
		8F8C9A941DC22EF100C4D291 /* ColorTests */ = {
			isa = PBXNativeTarget;
			buildConfigurationList = 8F8C9AA31DC22EF100C4D291 /* Build configuration list for PBXNativeTarget "ColorTests" */;
			buildPhases = (
				8F8C9A911DC22EF100C4D291 /* Sources */,
				8F8C9A921DC22EF100C4D291 /* Frameworks */,
				8F8C9A931DC22EF100C4D291 /* Resources */,
			);
			buildRules = (
			);
			dependencies = (
				8F8C9A981DC22EF100C4D291 /* PBXTargetDependency */,
			);
			name = ColorTests;
			productName = ColorTests;
			productReference = 8F8C9A951DC22EF100C4D291 /* ColorTests.xctest */;
			productType = "com.apple.product-type.bundle.unit-test";
		};
		8F8C9AAB1DC2401800C4D291 /* ColorDemo */ = {
			isa = PBXNativeTarget;
			buildConfigurationList = 8F8C9AC61DC2401800C4D291 /* Build configuration list for PBXNativeTarget "ColorDemo" */;
			buildPhases = (
				8F8C9AA81DC2401800C4D291 /* Sources */,
				8F8C9AA91DC2401800C4D291 /* Frameworks */,
				8F8C9AAA1DC2401800C4D291 /* Resources */,
				8F8C9AD41DC243A900C4D291 /* Embed Frameworks */,
			);
			buildRules = (
			);
			dependencies = (
				8F8C9AD31DC243A800C4D291 /* PBXTargetDependency */,
			);
			name = ColorDemo;
			productName = ColorDemo;
			productReference = 8F8C9AAC1DC2401800C4D291 /* ColorDemo.app */;
			productType = "com.apple.product-type.application";
		};
		8F8C9ABE1DC2401800C4D291 /* ColorDemoTests */ = {
			isa = PBXNativeTarget;
			buildConfigurationList = 8F8C9AC91DC2401800C4D291 /* Build configuration list for PBXNativeTarget "ColorDemoTests" */;
			buildPhases = (
				8F8C9ABB1DC2401800C4D291 /* Sources */,
				8F8C9ABC1DC2401800C4D291 /* Frameworks */,
				8F8C9ABD1DC2401800C4D291 /* Resources */,
			);
			buildRules = (
			);
			dependencies = (
				8F8C9AC11DC2401800C4D291 /* PBXTargetDependency */,
			);
			name = ColorDemoTests;
			productName = ColorDemoTests;
			productReference = 8F8C9ABF1DC2401800C4D291 /* ColorDemoTests.xctest */;
			productType = "com.apple.product-type.bundle.unit-test";
		};
/* End PBXNativeTarget section */

/* Begin PBXProject section */
		8F8C9A831DC22EF100C4D291 /* Project object */ = {
			isa = PBXProject;
			attributes = {
				LastSwiftUpdateCheck = 0800;
				LastUpgradeCheck = 0820;
				ORGANIZATIONNAME = "Silverback IT";
				TargetAttributes = {
					8F8C9A8B1DC22EF100C4D291 = {
						CreatedOnToolsVersion = 8.0;
						DevelopmentTeam = 9HQR3Y4WE5;
						LastSwiftMigration = 0800;
						ProvisioningStyle = Automatic;
					};
					8F8C9A941DC22EF100C4D291 = {
						CreatedOnToolsVersion = 8.0;
						DevelopmentTeam = 9HQR3Y4WE5;
						ProvisioningStyle = Automatic;
					};
					8F8C9AAB1DC2401800C4D291 = {
						CreatedOnToolsVersion = 8.0;
						DevelopmentTeam = 9HQR3Y4WE5;
						ProvisioningStyle = Automatic;
					};
					8F8C9ABE1DC2401800C4D291 = {
						CreatedOnToolsVersion = 8.0;
						DevelopmentTeam = 9HQR3Y4WE5;
						ProvisioningStyle = Automatic;
						TestTargetID = 8F8C9AAB1DC2401800C4D291;
					};
				};
			};
			buildConfigurationList = 8F8C9A861DC22EF100C4D291 /* Build configuration list for PBXProject "Color" */;
			compatibilityVersion = "Xcode 3.2";
			developmentRegion = English;
			hasScannedForEncodings = 0;
			knownRegions = (
				en,
				Base,
			);
			mainGroup = 8F8C9A821DC22EF100C4D291;
			productRefGroup = 8F8C9A8D1DC22EF100C4D291 /* Products */;
			projectDirPath = "";
			projectRoot = "";
			targets = (
				8F8C9A8B1DC22EF100C4D291 /* Color */,
				8F8C9A941DC22EF100C4D291 /* ColorTests */,
				8F8C9AAB1DC2401800C4D291 /* ColorDemo */,
				8F8C9ABE1DC2401800C4D291 /* ColorDemoTests */,
			);
		};
/* End PBXProject section */

/* Begin PBXResourcesBuildPhase section */
		8F8C9A8A1DC22EF100C4D291 /* Resources */ = {
			isa = PBXResourcesBuildPhase;
			buildActionMask = 2147483647;
			files = (
			);
			runOnlyForDeploymentPostprocessing = 0;
		};
		8F8C9A931DC22EF100C4D291 /* Resources */ = {
			isa = PBXResourcesBuildPhase;
			buildActionMask = 2147483647;
			files = (
			);
			runOnlyForDeploymentPostprocessing = 0;
		};
		8F8C9AAA1DC2401800C4D291 /* Resources */ = {
			isa = PBXResourcesBuildPhase;
			buildActionMask = 2147483647;
			files = (
				8FC63D741E23B87B005711D9 /* Picker.storyboard in Resources */,
				8F8C9AB91DC2401800C4D291 /* LaunchScreen.storyboard in Resources */,
				8F8C9AB61DC2401800C4D291 /* Assets.xcassets in Resources */,
				8F8C9AB41DC2401800C4D291 /* Main.storyboard in Resources */,
				8F8C9ACD1DC2405500C4D291 /* Scheme.storyboard in Resources */,
			);
			runOnlyForDeploymentPostprocessing = 0;
		};
		8F8C9ABD1DC2401800C4D291 /* Resources */ = {
			isa = PBXResourcesBuildPhase;
			buildActionMask = 2147483647;
			files = (
			);
			runOnlyForDeploymentPostprocessing = 0;
		};
/* End PBXResourcesBuildPhase section */

/* Begin PBXSourcesBuildPhase section */
		8F8C9A871DC22EF100C4D291 /* Sources */ = {
			isa = PBXSourcesBuildPhase;
			buildActionMask = 2147483647;
			files = (
				8F07E2211DC377590078BC6B /* Color+Equatable.swift in Sources */,
				8F07E2131DC361FE0078BC6B /* ColorScheme.swift in Sources */,
				8F07E2151DC362550078BC6B /* Color+Tint.swift in Sources */,
				8F07E20F1DC345A40078BC6B /* Color+Mix.swift in Sources */,
				8F368C221E3B3CBE002D881C /* UserDefaults.swift in Sources */,
				8FC63D6F1E23B072005711D9 /* ColorPickerViewController.swift in Sources */,
				8F07E21F1DC376900078BC6B /* Color+Random.swift in Sources */,
				8F368C201E3B3AC7002D881C /* NSCoder.swift in Sources */,
				8F8C9AA71DC22EFE00C4D291 /* Color.swift in Sources */,
				8F07E2171DC363EC0078BC6B /* Color+Name.swift in Sources */,
				8F07E2111DC348B20078BC6B /* Color+Shade.swift in Sources */,
				8F07E21D1DC367BA0078BC6B /* Color+Hashable.swift in Sources */,
				8F07E2191DC365700078BC6B /* Color+Tone.swift in Sources */,
			);
			runOnlyForDeploymentPostprocessing = 0;
		};
		8F8C9A911DC22EF100C4D291 /* Sources */ = {
			isa = PBXSourcesBuildPhase;
			buildActionMask = 2147483647;
			files = (
				8F07E21B1DC367450078BC6B /* ColorSchemeTests.swift in Sources */,
				8F8C9A9B1DC22EF100C4D291 /* ColorTests.swift in Sources */,
			);
			runOnlyForDeploymentPostprocessing = 0;
		};
		8F8C9AA81DC2401800C4D291 /* Sources */ = {
			isa = PBXSourcesBuildPhase;
			buildActionMask = 2147483647;
			files = (
				8F8C9ACF1DC2406500C4D291 /* SchemeViewController.swift in Sources */,
				8F8C9AB11DC2401800C4D291 /* ViewController.swift in Sources */,
				8F8C9AAF1DC2401800C4D291 /* AppDelegate.swift in Sources */,
				8FC63D761E23B8FD005711D9 /* PickerAwareViewController.swift in Sources */,
			);
			runOnlyForDeploymentPostprocessing = 0;
		};
		8F8C9ABB1DC2401800C4D291 /* Sources */ = {
			isa = PBXSourcesBuildPhase;
			buildActionMask = 2147483647;
			files = (
				8F8C9AC41DC2401800C4D291 /* ColorDemoTests.swift in Sources */,
			);
			runOnlyForDeploymentPostprocessing = 0;
		};
/* End PBXSourcesBuildPhase section */

/* Begin PBXTargetDependency section */
		8F8C9A981DC22EF100C4D291 /* PBXTargetDependency */ = {
			isa = PBXTargetDependency;
			target = 8F8C9A8B1DC22EF100C4D291 /* Color */;
			targetProxy = 8F8C9A971DC22EF100C4D291 /* PBXContainerItemProxy */;
		};
		8F8C9AC11DC2401800C4D291 /* PBXTargetDependency */ = {
			isa = PBXTargetDependency;
			target = 8F8C9AAB1DC2401800C4D291 /* ColorDemo */;
			targetProxy = 8F8C9AC01DC2401800C4D291 /* PBXContainerItemProxy */;
		};
		8F8C9AD31DC243A800C4D291 /* PBXTargetDependency */ = {
			isa = PBXTargetDependency;
			target = 8F8C9A8B1DC22EF100C4D291 /* Color */;
			targetProxy = 8F8C9AD21DC243A800C4D291 /* PBXContainerItemProxy */;
		};
/* End PBXTargetDependency section */

/* Begin PBXVariantGroup section */
		8F8C9AB21DC2401800C4D291 /* Main.storyboard */ = {
			isa = PBXVariantGroup;
			children = (
				8F8C9AB31DC2401800C4D291 /* Base */,
			);
			name = Main.storyboard;
			sourceTree = "<group>";
		};
		8F8C9AB71DC2401800C4D291 /* LaunchScreen.storyboard */ = {
			isa = PBXVariantGroup;
			children = (
				8F8C9AB81DC2401800C4D291 /* Base */,
			);
			name = LaunchScreen.storyboard;
			sourceTree = "<group>";
		};
/* End PBXVariantGroup section */

/* Begin XCBuildConfiguration section */
		8F8C9A9E1DC22EF100C4D291 /* Debug */ = {
			isa = XCBuildConfiguration;
			buildSettings = {
				ALWAYS_SEARCH_USER_PATHS = NO;
				CLANG_ANALYZER_NONNULL = YES;
				CLANG_CXX_LANGUAGE_STANDARD = "gnu++0x";
				CLANG_CXX_LIBRARY = "libc++";
				CLANG_ENABLE_MODULES = YES;
				CLANG_ENABLE_OBJC_ARC = YES;
				CLANG_WARN_BOOL_CONVERSION = YES;
				CLANG_WARN_CONSTANT_CONVERSION = YES;
				CLANG_WARN_DIRECT_OBJC_ISA_USAGE = YES_ERROR;
				CLANG_WARN_DOCUMENTATION_COMMENTS = YES;
				CLANG_WARN_EMPTY_BODY = YES;
				CLANG_WARN_ENUM_CONVERSION = YES;
				CLANG_WARN_INFINITE_RECURSION = YES;
				CLANG_WARN_INT_CONVERSION = YES;
				CLANG_WARN_OBJC_ROOT_CLASS = YES_ERROR;
				CLANG_WARN_SUSPICIOUS_MOVE = YES;
				CLANG_WARN_SUSPICIOUS_MOVES = YES;
				CLANG_WARN_UNREACHABLE_CODE = YES;
				CLANG_WARN__DUPLICATE_METHOD_MATCH = YES;
				"CODE_SIGN_IDENTITY[sdk=iphoneos*]" = "iPhone Developer";
				COPY_PHASE_STRIP = NO;
				CURRENT_PROJECT_VERSION = 1;
				DEBUG_INFORMATION_FORMAT = dwarf;
				ENABLE_STRICT_OBJC_MSGSEND = YES;
				ENABLE_TESTABILITY = YES;
				GCC_C_LANGUAGE_STANDARD = gnu99;
				GCC_DYNAMIC_NO_PIC = NO;
				GCC_NO_COMMON_BLOCKS = YES;
				GCC_OPTIMIZATION_LEVEL = 0;
				GCC_PREPROCESSOR_DEFINITIONS = (
					"DEBUG=1",
					"$(inherited)",
				);
				GCC_WARN_64_TO_32_BIT_CONVERSION = YES;
				GCC_WARN_ABOUT_RETURN_TYPE = YES_ERROR;
				GCC_WARN_UNDECLARED_SELECTOR = YES;
				GCC_WARN_UNINITIALIZED_AUTOS = YES_AGGRESSIVE;
				GCC_WARN_UNUSED_FUNCTION = YES;
				GCC_WARN_UNUSED_VARIABLE = YES;
				IPHONEOS_DEPLOYMENT_TARGET = 10.0;
				MTL_ENABLE_DEBUG_INFO = YES;
				ONLY_ACTIVE_ARCH = YES;
				SDKROOT = iphoneos;
				SWIFT_ACTIVE_COMPILATION_CONDITIONS = DEBUG;
				SWIFT_OPTIMIZATION_LEVEL = "-Onone";
				TARGETED_DEVICE_FAMILY = "1,2";
				VERSIONING_SYSTEM = "apple-generic";
				VERSION_INFO_PREFIX = "";
			};
			name = Debug;
		};
		8F8C9A9F1DC22EF100C4D291 /* Release */ = {
			isa = XCBuildConfiguration;
			buildSettings = {
				ALWAYS_SEARCH_USER_PATHS = NO;
				CLANG_ANALYZER_NONNULL = YES;
				CLANG_CXX_LANGUAGE_STANDARD = "gnu++0x";
				CLANG_CXX_LIBRARY = "libc++";
				CLANG_ENABLE_MODULES = YES;
				CLANG_ENABLE_OBJC_ARC = YES;
				CLANG_WARN_BOOL_CONVERSION = YES;
				CLANG_WARN_CONSTANT_CONVERSION = YES;
				CLANG_WARN_DIRECT_OBJC_ISA_USAGE = YES_ERROR;
				CLANG_WARN_DOCUMENTATION_COMMENTS = YES;
				CLANG_WARN_EMPTY_BODY = YES;
				CLANG_WARN_ENUM_CONVERSION = YES;
				CLANG_WARN_INFINITE_RECURSION = YES;
				CLANG_WARN_INT_CONVERSION = YES;
				CLANG_WARN_OBJC_ROOT_CLASS = YES_ERROR;
				CLANG_WARN_SUSPICIOUS_MOVE = YES;
				CLANG_WARN_SUSPICIOUS_MOVES = YES;
				CLANG_WARN_UNREACHABLE_CODE = YES;
				CLANG_WARN__DUPLICATE_METHOD_MATCH = YES;
				"CODE_SIGN_IDENTITY[sdk=iphoneos*]" = "iPhone Developer";
				COPY_PHASE_STRIP = NO;
				CURRENT_PROJECT_VERSION = 1;
				DEBUG_INFORMATION_FORMAT = "dwarf-with-dsym";
				ENABLE_NS_ASSERTIONS = NO;
				ENABLE_STRICT_OBJC_MSGSEND = YES;
				GCC_C_LANGUAGE_STANDARD = gnu99;
				GCC_NO_COMMON_BLOCKS = YES;
				GCC_WARN_64_TO_32_BIT_CONVERSION = YES;
				GCC_WARN_ABOUT_RETURN_TYPE = YES_ERROR;
				GCC_WARN_UNDECLARED_SELECTOR = YES;
				GCC_WARN_UNINITIALIZED_AUTOS = YES_AGGRESSIVE;
				GCC_WARN_UNUSED_FUNCTION = YES;
				GCC_WARN_UNUSED_VARIABLE = YES;
				IPHONEOS_DEPLOYMENT_TARGET = 10.0;
				MTL_ENABLE_DEBUG_INFO = NO;
				SDKROOT = iphoneos;
				SWIFT_OPTIMIZATION_LEVEL = "-Owholemodule";
				TARGETED_DEVICE_FAMILY = "1,2";
				VALIDATE_PRODUCT = YES;
				VERSIONING_SYSTEM = "apple-generic";
				VERSION_INFO_PREFIX = "";
			};
			name = Release;
		};
		8F8C9AA11DC22EF100C4D291 /* Debug */ = {
			isa = XCBuildConfiguration;
			buildSettings = {
				CLANG_ENABLE_MODULES = YES;
				CODE_SIGN_IDENTITY = "";
				DEFINES_MODULE = YES;
				DEVELOPMENT_TEAM = 9HQR3Y4WE5;
				DYLIB_COMPATIBILITY_VERSION = 1;
				DYLIB_CURRENT_VERSION = 1;
				DYLIB_INSTALL_NAME_BASE = "@rpath";
				INFOPLIST_FILE = Color/Info.plist;
				INSTALL_PATH = "$(LOCAL_LIBRARY_DIR)/Frameworks";
				LD_RUNPATH_SEARCH_PATHS = "$(inherited) @executable_path/Frameworks @loader_path/Frameworks";
				PRODUCT_BUNDLE_IDENTIFIER = "com.silverback-it.Color";
				PRODUCT_NAME = "$(TARGET_NAME)";
				SKIP_INSTALL = YES;
				SWIFT_OPTIMIZATION_LEVEL = "-Onone";
				SWIFT_VERSION = 3.0;
			};
			name = Debug;
		};
		8F8C9AA21DC22EF100C4D291 /* Release */ = {
			isa = XCBuildConfiguration;
			buildSettings = {
				CLANG_ENABLE_MODULES = YES;
				CODE_SIGN_IDENTITY = "";
				DEFINES_MODULE = YES;
				DEVELOPMENT_TEAM = 9HQR3Y4WE5;
				DYLIB_COMPATIBILITY_VERSION = 1;
				DYLIB_CURRENT_VERSION = 1;
				DYLIB_INSTALL_NAME_BASE = "@rpath";
				INFOPLIST_FILE = Color/Info.plist;
				INSTALL_PATH = "$(LOCAL_LIBRARY_DIR)/Frameworks";
				LD_RUNPATH_SEARCH_PATHS = "$(inherited) @executable_path/Frameworks @loader_path/Frameworks";
				PRODUCT_BUNDLE_IDENTIFIER = "com.silverback-it.Color";
				PRODUCT_NAME = "$(TARGET_NAME)";
				SKIP_INSTALL = YES;
				SWIFT_VERSION = 3.0;
			};
			name = Release;
		};
		8F8C9AA41DC22EF100C4D291 /* Debug */ = {
			isa = XCBuildConfiguration;
			buildSettings = {
				ALWAYS_EMBED_SWIFT_STANDARD_LIBRARIES = YES;
				DEVELOPMENT_TEAM = 9HQR3Y4WE5;
				INFOPLIST_FILE = ColorTests/Info.plist;
				LD_RUNPATH_SEARCH_PATHS = "$(inherited) @executable_path/Frameworks @loader_path/Frameworks";
				PRODUCT_BUNDLE_IDENTIFIER = "com.silverback-it.ColorTests";
				PRODUCT_NAME = "$(TARGET_NAME)";
				SWIFT_VERSION = 3.0;
			};
			name = Debug;
		};
		8F8C9AA51DC22EF100C4D291 /* Release */ = {
			isa = XCBuildConfiguration;
			buildSettings = {
				ALWAYS_EMBED_SWIFT_STANDARD_LIBRARIES = YES;
				DEVELOPMENT_TEAM = 9HQR3Y4WE5;
				INFOPLIST_FILE = ColorTests/Info.plist;
				LD_RUNPATH_SEARCH_PATHS = "$(inherited) @executable_path/Frameworks @loader_path/Frameworks";
				PRODUCT_BUNDLE_IDENTIFIER = "com.silverback-it.ColorTests";
				PRODUCT_NAME = "$(TARGET_NAME)";
				SWIFT_VERSION = 3.0;
			};
			name = Release;
		};
		8F8C9AC71DC2401800C4D291 /* Debug */ = {
			isa = XCBuildConfiguration;
			buildSettings = {
				ALWAYS_EMBED_SWIFT_STANDARD_LIBRARIES = YES;
				ASSETCATALOG_COMPILER_APPICON_NAME = AppIcon;
				DEVELOPMENT_TEAM = 9HQR3Y4WE5;
				INFOPLIST_FILE = ColorDemo/Info.plist;
				LD_RUNPATH_SEARCH_PATHS = "$(inherited) @executable_path/Frameworks";
				PRODUCT_BUNDLE_IDENTIFIER = "com.silverback-it.ColorDemo";
				PRODUCT_NAME = "$(TARGET_NAME)";
				SWIFT_VERSION = 3.0;
			};
			name = Debug;
		};
		8F8C9AC81DC2401800C4D291 /* Release */ = {
			isa = XCBuildConfiguration;
			buildSettings = {
				ALWAYS_EMBED_SWIFT_STANDARD_LIBRARIES = YES;
				ASSETCATALOG_COMPILER_APPICON_NAME = AppIcon;
				DEVELOPMENT_TEAM = 9HQR3Y4WE5;
				INFOPLIST_FILE = ColorDemo/Info.plist;
				LD_RUNPATH_SEARCH_PATHS = "$(inherited) @executable_path/Frameworks";
				PRODUCT_BUNDLE_IDENTIFIER = "com.silverback-it.ColorDemo";
				PRODUCT_NAME = "$(TARGET_NAME)";
				SWIFT_VERSION = 3.0;
			};
			name = Release;
		};
		8F8C9ACA1DC2401800C4D291 /* Debug */ = {
			isa = XCBuildConfiguration;
			buildSettings = {
				ALWAYS_EMBED_SWIFT_STANDARD_LIBRARIES = YES;
				BUNDLE_LOADER = "$(TEST_HOST)";
				DEVELOPMENT_TEAM = 9HQR3Y4WE5;
				INFOPLIST_FILE = ColorDemoTests/Info.plist;
				LD_RUNPATH_SEARCH_PATHS = "$(inherited) @executable_path/Frameworks @loader_path/Frameworks";
				PRODUCT_BUNDLE_IDENTIFIER = "com.silverback-it.ColorDemoTests";
				PRODUCT_NAME = "$(TARGET_NAME)";
				SWIFT_VERSION = 3.0;
				TEST_HOST = "$(BUILT_PRODUCTS_DIR)/ColorDemo.app/ColorDemo";
			};
			name = Debug;
		};
		8F8C9ACB1DC2401800C4D291 /* Release */ = {
			isa = XCBuildConfiguration;
			buildSettings = {
				ALWAYS_EMBED_SWIFT_STANDARD_LIBRARIES = YES;
				BUNDLE_LOADER = "$(TEST_HOST)";
				DEVELOPMENT_TEAM = 9HQR3Y4WE5;
				INFOPLIST_FILE = ColorDemoTests/Info.plist;
				LD_RUNPATH_SEARCH_PATHS = "$(inherited) @executable_path/Frameworks @loader_path/Frameworks";
				PRODUCT_BUNDLE_IDENTIFIER = "com.silverback-it.ColorDemoTests";
				PRODUCT_NAME = "$(TARGET_NAME)";
				SWIFT_VERSION = 3.0;
				TEST_HOST = "$(BUILT_PRODUCTS_DIR)/ColorDemo.app/ColorDemo";
			};
			name = Release;
		};
/* End XCBuildConfiguration section */

/* Begin XCConfigurationList section */
		8F8C9A861DC22EF100C4D291 /* Build configuration list for PBXProject "Color" */ = {
			isa = XCConfigurationList;
			buildConfigurations = (
				8F8C9A9E1DC22EF100C4D291 /* Debug */,
				8F8C9A9F1DC22EF100C4D291 /* Release */,
			);
			defaultConfigurationIsVisible = 0;
			defaultConfigurationName = Release;
		};
		8F8C9AA01DC22EF100C4D291 /* Build configuration list for PBXNativeTarget "Color" */ = {
			isa = XCConfigurationList;
			buildConfigurations = (
				8F8C9AA11DC22EF100C4D291 /* Debug */,
				8F8C9AA21DC22EF100C4D291 /* Release */,
			);
			defaultConfigurationIsVisible = 0;
			defaultConfigurationName = Release;
		};
		8F8C9AA31DC22EF100C4D291 /* Build configuration list for PBXNativeTarget "ColorTests" */ = {
			isa = XCConfigurationList;
			buildConfigurations = (
				8F8C9AA41DC22EF100C4D291 /* Debug */,
				8F8C9AA51DC22EF100C4D291 /* Release */,
			);
			defaultConfigurationIsVisible = 0;
			defaultConfigurationName = Release;
		};
		8F8C9AC61DC2401800C4D291 /* Build configuration list for PBXNativeTarget "ColorDemo" */ = {
			isa = XCConfigurationList;
			buildConfigurations = (
				8F8C9AC71DC2401800C4D291 /* Debug */,
				8F8C9AC81DC2401800C4D291 /* Release */,
			);
			defaultConfigurationIsVisible = 0;
			defaultConfigurationName = Release;
		};
		8F8C9AC91DC2401800C4D291 /* Build configuration list for PBXNativeTarget "ColorDemoTests" */ = {
			isa = XCConfigurationList;
			buildConfigurations = (
				8F8C9ACA1DC2401800C4D291 /* Debug */,
				8F8C9ACB1DC2401800C4D291 /* Release */,
			);
			defaultConfigurationIsVisible = 0;
			defaultConfigurationName = Release;
		};
/* End XCConfigurationList section */
	};
	rootObject = 8F8C9A831DC22EF100C4D291 /* Project object */;
}
